PODS:
  - Adapty (1.8.1):
    - CryptoSwift (= 1.3.2)
  - adapty_flutter (0.0.3):
    - Adapty (~> 1.8.1)
    - Flutter
  - CryptoSwift (1.3.2)
  - Flutter (1.0.0)

DEPENDENCIES:
  - adapty_flutter (from `.symlinks/plugins/adapty_flutter/ios`)
  - Flutter (from `Flutter`)

SPEC REPOS:
  trunk:
    - Adapty
    - CryptoSwift

EXTERNAL SOURCES:
  adapty_flutter:
    :path: ".symlinks/plugins/adapty_flutter/ios"
  Flutter:
    :path: Flutter

SPEC CHECKSUMS:
  Adapty: babc65bd8abfb1c020845f13934d2b5c19995b63
  adapty_flutter: 272df6717d952fef16a5f48bbcdb3de87446fdb3
  CryptoSwift: 093499be1a94b0cae36e6c26b70870668cb56060
  Flutter: 0e3d915762c693b495b44d77113d4970485de6ec

PODFILE CHECKSUM: aafe91acc616949ddb318b77800a7f51bffa2a4c

COCOAPODS: 1.9.3
