PODS:
  - Adapty (1.6.3):
    - CryptoSwift
  - adapty_flutter (0.0.1):
    - Adapty (~> 1.6.3)
    - Flutter
  - CryptoSwift (1.3.2)
  - Flutter (1.0.0)

DEPENDENCIES:
  - adapty_flutter (from `.symlinks/plugins/adapty_flutter/ios`)
  - Flutter (from `Flutter`)

SPEC REPOS:
  trunk:
    - Adapty
    - CryptoSwift

EXTERNAL SOURCES:
  adapty_flutter:
    :path: ".symlinks/plugins/adapty_flutter/ios"
  Flutter:
    :path: Flutter

SPEC CHECKSUMS:
  Adapty: 04eee300ea3afdd7dd98e2485d530ebec820d5b9
  adapty_flutter: db23f88be033d86e5ed4fc8304e812c13b3a5ad7
  CryptoSwift: 093499be1a94b0cae36e6c26b70870668cb56060
  Flutter: 0e3d915762c693b495b44d77113d4970485de6ec

PODFILE CHECKSUM: aafe91acc616949ddb318b77800a7f51bffa2a4c

COCOAPODS: 1.9.3
